
Microsoft Visual Studio Solution File, Format Version 12.00
# Visual Studio Version 16
VisualStudioVersion = 16.0.32106.194
MinimumVisualStudioVersion = 10.0.40219.1
Project("{FAE04EC0-301F-11D3-BF4B-00C04F79EFBC}") = "Helperland_Project", "Helperland_Project\Helperland_Project.csproj", "{FD569E96-940C-4A0D-92FD-0EFAD918AC6F}"
EndProject
Global
	GlobalSection(SolutionConfigurationPlatforms) = preSolution
		Debug|Any CPU = Debug|Any CPU
		Release|Any CPU = Release|Any CPU
	EndGlobalSection
	GlobalSection(ProjectConfigurationPlatforms) = postSolution
		{FD569E96-940C-4A0D-92FD-0EFAD918AC6F}.Debug|Any CPU.ActiveCfg = Debug|Any CPU
		{FD569E96-940C-4A0D-92FD-0EFAD918AC6F}.Debug|Any CPU.Build.0 = Debug|Any CPU
		{FD569E96-940C-4A0D-92FD-0EFAD918AC6F}.Release|Any CPU.ActiveCfg = Release|Any CPU
		{FD569E96-940C-4A0D-92FD-0EFAD918AC6F}.Release|Any CPU.Build.0 = Release|Any CPU
	EndGlobalSection
	GlobalSection(SolutionProperties) = preSolution
		HideSolutionNode = FALSE
	EndGlobalSection
	GlobalSection(ExtensibilityGlobals) = postSolution
		SolutionGuid = {1396880B-0F7D-4D9E-B563-D2B6FF7CC6EB}
	EndGlobalSection
EndGlobal
